
Microsoft Visual Studio Solution File, Format Version 12.00
# Visual Studio Version 16
VisualStudioVersion = 16.0.33130.400
MinimumVisualStudioVersion = 10.0.40219.1
Project("{FAE04EC0-301F-11D3-BF4B-00C04F79EFBC}") = "CS-Assignment1", "CS-Assignment1\CS-Assignment1.csproj", "{F989E718-4566-48F1-BFEC-971A0DA6FA7E}"
EndProject
Global
	GlobalSection(SolutionConfigurationPlatforms) = preSolution
		Debug|Any CPU = Debug|Any CPU
		Release|Any CPU = Release|Any CPU
	EndGlobalSection
	GlobalSection(ProjectConfigurationPlatforms) = postSolution
		{F989E718-4566-48F1-BFEC-971A0DA6FA7E}.Debug|Any CPU.ActiveCfg = Debug|Any CPU
		{F989E718-4566-48F1-BFEC-971A0DA6FA7E}.Debug|Any CPU.Build.0 = Debug|Any CPU
		{F989E718-4566-48F1-BFEC-971A0DA6FA7E}.Release|Any CPU.ActiveCfg = Release|Any CPU
		{F989E718-4566-48F1-BFEC-971A0DA6FA7E}.Release|Any CPU.Build.0 = Release|Any CPU
	EndGlobalSection
	GlobalSection(SolutionProperties) = preSolution
		HideSolutionNode = FALSE
	EndGlobalSection
	GlobalSection(ExtensibilityGlobals) = postSolution
		SolutionGuid = {0522C1A1-253C-4788-982B-BAF01D99633A}
	EndGlobalSection
EndGlobal
